
Microsoft Visual Studio Solution File, Format Version 12.00
# Visual Studio 2010
Project("{E24C65DC-7377-472B-9ABA-BC803B73C61A}") = "EnableIndiaN", ".", "{1AEE8F04-50F3-443B-AA31-5663E87FA070}"
	ProjectSection(WebsiteProperties) = preProject
		TargetFrameworkMoniker = ".NETFramework,Version%3Dv4.0"
		Debug.AspNetCompiler.VirtualPath = "/debug"
		Debug.AspNetCompiler.PhysicalPath = "..\EnableIndiaN\"
		Debug.AspNetCompiler.TargetPath = "F:\Source Code_september 30, 2011\BackUp\EI 30 Aug 2011\EnableIndia_30_Aug_2011\EnableIndia\bin\debug\"
		Debug.AspNetCompiler.Updateable = "true"
		Debug.AspNetCompiler.ForceOverwrite = "true"
		Debug.AspNetCompiler.FixedNames = "false"
		Debug.AspNetCompiler.Debug = "True"
		Release.AspNetCompiler.VirtualPath = "/debug"
		Release.AspNetCompiler.PhysicalPath = "..\EnableIndiaN\"
		Release.AspNetCompiler.TargetPath = "F:\Source Code_september 30, 2011\BackUp\EI 30 Aug 2011\EnableIndia_30_Aug_2011\EnableIndia\bin\debug\"
		Release.AspNetCompiler.Updateable = "true"
		Release.AspNetCompiler.ForceOverwrite = "true"
		Release.AspNetCompiler.FixedNames = "false"
		Release.AspNetCompiler.Debug = "False"
		VWDPort = "35527"
	EndProjectSection
EndProject
Global
	GlobalSection(SolutionConfigurationPlatforms) = preSolution
		Debug|Any CPU = Debug|Any CPU
	EndGlobalSection
	GlobalSection(ProjectConfigurationPlatforms) = postSolution
		{1AEE8F04-50F3-443B-AA31-5663E87FA070}.Debug|Any CPU.ActiveCfg = Debug|Any CPU
		{1AEE8F04-50F3-443B-AA31-5663E87FA070}.Debug|Any CPU.Build.0 = Debug|Any CPU
	EndGlobalSection
	GlobalSection(SolutionProperties) = preSolution
		HideSolutionNode = FALSE
	EndGlobalSection
EndGlobal
